# This file is automatically @generated by Cargo.
# It is not intended for manual editing.
version = 4

[[package]]
name = "accelerate-src"
version = "0.3.2"
source = "registry+https://github.com/rust-lang/crates.io-index"
checksum = "415ed64958754dbe991900f3940677e6a7eefb4d7367afd70d642677b0c7d19d"

[[package]]
name = "autocfg"
version = "1.5.0"
source = "registry+https://github.com/rust-lang/crates.io-index"
checksum = "c08606f8c3cbf4ce6ec8e28fb0014a2c086708fe954eaa885384a6165172e7e8"

[[package]]
name = "blas"
version = "0.23.0"
source = "registry+https://github.com/rust-lang/crates.io-index"
checksum = "280f3f48ac4edf086d59c7aa71fb28b78df2b14db8f591fb4eb29b88b77ac6ad"
dependencies = [
 "blas-sys",
 "libc",
 "num-complex",
]

[[package]]
name = "blas-src"
version = "0.14.0"
source = "registry+https://github.com/rust-lang/crates.io-index"
checksum = "5bd439b48f5425c9f4597141b52476358e05e08471bc30f4d1c2a1f4084d7c9f"
dependencies = [
 "accelerate-src",
]

[[package]]
name = "blas-sys"
version = "0.8.0"
source = "registry+https://github.com/rust-lang/crates.io-index"
checksum = "b49cc48acc7ead5c33d2e3cac9c47e55bfd04c929abd1456459084a8c8cdf2cb"
dependencies = [
 "libc",
]

[[package]]
name = "lapack"
version = "0.20.0"
source = "registry+https://github.com/rust-lang/crates.io-index"
checksum = "508f7f48955e5e4ec3feb771a4d981c6e59ff2400d750cf41733a3350fdb2dc4"
dependencies = [
 "lapack-sys",
 "libc",
 "num-complex",
]

[[package]]
name = "lapack-src"
version = "0.13.0"
source = "registry+https://github.com/rust-lang/crates.io-index"
checksum = "b1bcb4a410d9e39126db6ef1b71814618d9f9c3db128e6db674a449cf6a8b668"
dependencies = [
 "accelerate-src",
]

[[package]]
name = "lapack-sys"
version = "0.15.0"
source = "registry+https://github.com/rust-lang/crates.io-index"
checksum = "314b879030845b68571809a6978e52d3b67ac5fba07e77b1b317b484092e2fb5"
dependencies = [
 "libc",
]

[[package]]
name = "libc"
version = "0.2.184"
source = "registry+https://github.com/rust-lang/crates.io-index"
checksum = "48f5d2a454e16a5ea0f4ced81bd44e4cfc7bd3a507b61887c99fd3538b28e4af"

[[package]]
name = "lin"
version = "0.1.0"
dependencies = [
 "blas",
 "blas-src",
 "lapack",
 "lapack-src",
 "thiserror",
]

[[package]]
name = "num-complex"
version = "0.4.6"
source = "registry+https://github.com/rust-lang/crates.io-index"
checksum = "73f88a1307638156682bada9d7604135552957b7818057dcef22705b4d509495"
dependencies = [
 "num-traits",
]

[[package]]
name = "num-traits"
version = "0.2.19"
source = "registry+https://github.com/rust-lang/crates.io-index"
checksum = "071dfc062690e90b734c0b2273ce72ad0ffa95f0c74596bc250dcfd960262841"
dependencies = [
 "autocfg",
]

[[package]]
name = "proc-macro2"
version = "1.0.106"
source = "registry+https://github.com/rust-lang/crates.io-index"
checksum = "8fd00f0bb2e90d81d1044c2b32617f68fcb9fa3bb7640c23e9c748e53fb30934"
dependencies = [
 "unicode-ident",
]

[[package]]
name = "quote"
version = "1.0.45"
source = "registry+https://github.com/rust-lang/crates.io-index"
checksum = "41f2619966050689382d2b44f664f4bc593e129785a36d6ee376ddf37259b924"
dependencies = [
 "proc-macro2",
]

[[package]]
name = "syn"
version = "2.0.117"
source = "registry+https://github.com/rust-lang/crates.io-index"
checksum = "e665b8803e7b1d2a727f4023456bbbbe74da67099c585258af0ad9c5013b9b99"
dependencies = [
 "proc-macro2",
 "quote",
 "unicode-ident",
]

[[package]]
name = "thiserror"
version = "2.0.18"
source = "registry+https://github.com/rust-lang/crates.io-index"
checksum = "4288b5bcbc7920c07a1149a35cf9590a2aa808e0bc1eafaade0b80947865fbc4"
dependencies = [
 "thiserror-impl",
]

[[package]]
name = "thiserror-impl"
version = "2.0.18"
source = "registry+https://github.com/rust-lang/crates.io-index"
checksum = "ebc4ee7f67670e9b64d05fa4253e753e016c6c95ff35b89b7941d6b856dec1d5"
dependencies = [
 "proc-macro2",
 "quote",
 "syn",
]

[[package]]
name = "unicode-ident"
version = "1.0.24"
source = "registry+https://github.com/rust-lang/crates.io-index"
checksum = "e6e4313cd5fcd3dad5cafa179702e2b244f760991f45397d14d4ebf38247da75"
